
Microsoft Visual Studio Solution File, Format Version 12.00
# Visual Studio Version 17
VisualStudioVersion = 17.11.35327.3
MinimumVisualStudioVersion = 10.0.40219.1
Project("{FAE04EC0-301F-11D3-BF4B-00C04F79EFBC}") = "CatalogScolarOnline", "CatalogScolarOnline.csproj", "{951957B8-57CD-41AC-A47A-DE2D4879BEEB}"
EndProject
Global
	GlobalSection(SolutionConfigurationPlatforms) = preSolution
		Debug|Any CPU = Debug|Any CPU
		Release|Any CPU = Release|Any CPU
	EndGlobalSection
	GlobalSection(ProjectConfigurationPlatforms) = postSolution
		{951957B8-57CD-41AC-A47A-DE2D4879BEEB}.Debug|Any CPU.ActiveCfg = Debug|Any CPU
		{951957B8-57CD-41AC-A47A-DE2D4879BEEB}.Debug|Any CPU.Build.0 = Debug|Any CPU
		{951957B8-57CD-41AC-A47A-DE2D4879BEEB}.Release|Any CPU.ActiveCfg = Release|Any CPU
		{951957B8-57CD-41AC-A47A-DE2D4879BEEB}.Release|Any CPU.Build.0 = Release|Any CPU
	EndGlobalSection
	GlobalSection(SolutionProperties) = preSolution
		HideSolutionNode = FALSE
	EndGlobalSection
	GlobalSection(ExtensibilityGlobals) = postSolution
		SolutionGuid = {48C0C1B7-754D-48BC-AC92-C92E6E8D7FCF}
	EndGlobalSection
EndGlobal
